
Microsoft Visual Studio Solution File, Format Version 12.00
# Visual Studio Version 17
VisualStudioVersion = 17.11.35208.52
MinimumVisualStudioVersion = 10.0.40219.1
Project("{F184B08F-C81C-45F6-A57F-5ABD9991F28F}") = "OFW Management Information System", "OFW Management Information System.vbproj", "{BE72CA47-4F5A-475B-91DE-0A9F4CD2E4F4}"
EndProject
Project("{2150E333-8FDC-42A3-9474-1A3956D46DE8}") = "Solution Items", "Solution Items", "{8EC462FD-D22E-90A8-E5CE-7E832BA40C5D}"
	ProjectSection(SolutionItems) = preProject
		OFWReport.rdlc = OFWReport.rdlc
	EndProjectSection
EndProject
Project("{54435603-DBB4-11D2-8724-00A0C9A8B90C}") = "OFW Management Information System", "OFW Management Information System\OFW Management Information System.vdproj", "{BEFC2A28-1885-EA62-F694-CD05645E93A0}"
EndProject
Global
	GlobalSection(SolutionConfigurationPlatforms) = preSolution
		Debug|Any CPU = Debug|Any CPU
		Release|Any CPU = Release|Any CPU
	EndGlobalSection
	GlobalSection(ProjectConfigurationPlatforms) = postSolution
		{BE72CA47-4F5A-475B-91DE-0A9F4CD2E4F4}.Debug|Any CPU.ActiveCfg = Debug|Any CPU
		{BE72CA47-4F5A-475B-91DE-0A9F4CD2E4F4}.Debug|Any CPU.Build.0 = Debug|Any CPU
		{BE72CA47-4F5A-475B-91DE-0A9F4CD2E4F4}.Release|Any CPU.ActiveCfg = Release|Any CPU
		{BE72CA47-4F5A-475B-91DE-0A9F4CD2E4F4}.Release|Any CPU.Build.0 = Release|Any CPU
		{BEFC2A28-1885-EA62-F694-CD05645E93A0}.Debug|Any CPU.ActiveCfg = Debug
		{BEFC2A28-1885-EA62-F694-CD05645E93A0}.Release|Any CPU.ActiveCfg = Release
	EndGlobalSection
	GlobalSection(SolutionProperties) = preSolution
		HideSolutionNode = FALSE
	EndGlobalSection
	GlobalSection(ExtensibilityGlobals) = postSolution
		SolutionGuid = {D3C9244B-75CB-4AE1-9E0A-B701713BAD9B}
	EndGlobalSection
EndGlobal
